// !$*UTF8*$!
{
	archiveVersion = 1;
	classes = {
	};
	objectVersion = 46;
	objects = {

/* Begin PBXBuildFile section */
		A7A78A1A18BDF34C00917FA7 /* Foundation.framework in Frameworks */ = {isa = PBXBuildFile; fileRef = A7A78A1918BDF34C00917FA7 /* Foundation.framework */; };
		A7A78A1C18BDF34C00917FA7 /* CoreGraphics.framework in Frameworks */ = {isa = PBXBuildFile; fileRef = A7A78A1B18BDF34C00917FA7 /* CoreGraphics.framework */; };
		A7A78A1E18BDF34C00917FA7 /* UIKit.framework in Frameworks */ = {isa = PBXBuildFile; fileRef = A7A78A1D18BDF34C00917FA7 /* UIKit.framework */; };
		A7A78A2418BDF34C00917FA7 /* InfoPlist.strings in Resources */ = {isa = PBXBuildFile; fileRef = A7A78A2218BDF34C00917FA7 /* InfoPlist.strings */; };
		A7A78A2618BDF34C00917FA7 /* main.m in Sources */ = {isa = PBXBuildFile; fileRef = A7A78A2518BDF34C00917FA7 /* main.m */; };
		A7A78A2A18BDF34C00917FA7 /* TNBAppDelegate.m in Sources */ = {isa = PBXBuildFile; fileRef = A7A78A2918BDF34C00917FA7 /* TNBAppDelegate.m */; };
		A7A78A2C18BDF34C00917FA7 /* Images.xcassets in Resources */ = {isa = PBXBuildFile; fileRef = A7A78A2B18BDF34C00917FA7 /* Images.xcassets */; };
		A7A78A3318BDF34C00917FA7 /* XCTest.framework in Frameworks */ = {isa = PBXBuildFile; fileRef = A7A78A3218BDF34C00917FA7 /* XCTest.framework */; };
		A7A78A3418BDF34C00917FA7 /* Foundation.framework in Frameworks */ = {isa = PBXBuildFile; fileRef = A7A78A1918BDF34C00917FA7 /* Foundation.framework */; };
		A7A78A3518BDF34C00917FA7 /* UIKit.framework in Frameworks */ = {isa = PBXBuildFile; fileRef = A7A78A1D18BDF34C00917FA7 /* UIKit.framework */; };
		A7A78A4B18BDF3E700917FA7 /* TNBLogger.m in Sources */ = {isa = PBXBuildFile; fileRef = A7A78A4A18BDF3E700917FA7 /* TNBLogger.m */; };
/* End PBXBuildFile section */

/* Begin PBXContainerItemProxy section */
		A7A78A3618BDF34C00917FA7 /* PBXContainerItemProxy */ = {
			isa = PBXContainerItemProxy;
			containerPortal = A7A78A0E18BDF34C00917FA7 /* Project object */;
			proxyType = 1;
			remoteGlobalIDString = A7A78A1518BDF34C00917FA7;
			remoteInfo = TNBLoggerSample;
		};
/* End PBXContainerItemProxy section */

/* Begin PBXFileReference section */
		A7A78A1618BDF34C00917FA7 /* TNBLoggerSample.app */ = {isa = PBXFileReference; explicitFileType = wrapper.application; includeInIndex = 0; path = TNBLoggerSample.app; sourceTree = BUILT_PRODUCTS_DIR; };
		A7A78A1918BDF34C00917FA7 /* Foundation.framework */ = {isa = PBXFileReference; lastKnownFileType = wrapper.framework; name = Foundation.framework; path = System/Library/Frameworks/Foundation.framework; sourceTree = SDKROOT; };
		A7A78A1B18BDF34C00917FA7 /* CoreGraphics.framework */ = {isa = PBXFileReference; lastKnownFileType = wrapper.framework; name = CoreGraphics.framework; path = System/Library/Frameworks/CoreGraphics.framework; sourceTree = SDKROOT; };
		A7A78A1D18BDF34C00917FA7 /* UIKit.framework */ = {isa = PBXFileReference; lastKnownFileType = wrapper.framework; name = UIKit.framework; path = System/Library/Frameworks/UIKit.framework; sourceTree = SDKROOT; };
		A7A78A2118BDF34C00917FA7 /* TNBLoggerSample-Info.plist */ = {isa = PBXFileReference; lastKnownFileType = text.plist.xml; path = "TNBLoggerSample-Info.plist"; sourceTree = "<group>"; };
		A7A78A2318BDF34C00917FA7 /* en */ = {isa = PBXFileReference; lastKnownFileType = text.plist.strings; name = en; path = en.lproj/InfoPlist.strings; sourceTree = "<group>"; };
		A7A78A2518BDF34C00917FA7 /* main.m */ = {isa = PBXFileReference; lastKnownFileType = sourcecode.c.objc; path = main.m; sourceTree = "<group>"; };
		A7A78A2718BDF34C00917FA7 /* TNBLoggerSample-Prefix.pch */ = {isa = PBXFileReference; lastKnownFileType = sourcecode.c.h; path = "TNBLoggerSample-Prefix.pch"; sourceTree = "<group>"; };
		A7A78A2818BDF34C00917FA7 /* TNBAppDelegate.h */ = {isa = PBXFileReference; lastKnownFileType = sourcecode.c.h; path = TNBAppDelegate.h; sourceTree = "<group>"; };
		A7A78A2918BDF34C00917FA7 /* TNBAppDelegate.m */ = {isa = PBXFileReference; lastKnownFileType = sourcecode.c.objc; path = TNBAppDelegate.m; sourceTree = "<group>"; };
		A7A78A2B18BDF34C00917FA7 /* Images.xcassets */ = {isa = PBXFileReference; lastKnownFileType = folder.assetcatalog; path = Images.xcassets; sourceTree = "<group>"; };
		A7A78A3118BDF34C00917FA7 /* TNBLoggerSampleTests.xctest */ = {isa = PBXFileReference; explicitFileType = wrapper.cfbundle; includeInIndex = 0; path = TNBLoggerSampleTests.xctest; sourceTree = BUILT_PRODUCTS_DIR; };
		A7A78A3218BDF34C00917FA7 /* XCTest.framework */ = {isa = PBXFileReference; lastKnownFileType = wrapper.framework; name = XCTest.framework; path = Library/Frameworks/XCTest.framework; sourceTree = DEVELOPER_DIR; };
		A7A78A4918BDF3E700917FA7 /* TNBLogger.h */ = {isa = PBXFileReference; fileEncoding = 4; lastKnownFileType = sourcecode.c.h; path = TNBLogger.h; sourceTree = "<group>"; };
		A7A78A4A18BDF3E700917FA7 /* TNBLogger.m */ = {isa = PBXFileReference; fileEncoding = 4; lastKnownFileType = sourcecode.c.objc; path = TNBLogger.m; sourceTree = "<group>"; };
/* End PBXFileReference section */

/* Begin PBXFrameworksBuildPhase section */
		A7A78A1318BDF34C00917FA7 /* Frameworks */ = {
			isa = PBXFrameworksBuildPhase;
			buildActionMask = 2147483647;
			files = (
				A7A78A1C18BDF34C00917FA7 /* CoreGraphics.framework in Frameworks */,
				A7A78A1E18BDF34C00917FA7 /* UIKit.framework in Frameworks */,
				A7A78A1A18BDF34C00917FA7 /* Foundation.framework in Frameworks */,
			);
			runOnlyForDeploymentPostprocessing = 0;
		};
		A7A78A2E18BDF34C00917FA7 /* Frameworks */ = {
			isa = PBXFrameworksBuildPhase;
			buildActionMask = 2147483647;
			files = (
				A7A78A3318BDF34C00917FA7 /* XCTest.framework in Frameworks */,
				A7A78A3518BDF34C00917FA7 /* UIKit.framework in Frameworks */,
				A7A78A3418BDF34C00917FA7 /* Foundation.framework in Frameworks */,
			);
			runOnlyForDeploymentPostprocessing = 0;
		};
/* End PBXFrameworksBuildPhase section */

/* Begin PBXGroup section */
		A7A78A0D18BDF34C00917FA7 = {
			isa = PBXGroup;
			children = (
				A7A78A4818BDF3E700917FA7 /* TNBLogger */,
				A7A78A1F18BDF34C00917FA7 /* TNBLoggerSample */,
				A7A78A1818BDF34C00917FA7 /* Frameworks */,
				A7A78A1718BDF34C00917FA7 /* Products */,
			);
			sourceTree = "<group>";
		};
		A7A78A1718BDF34C00917FA7 /* Products */ = {
			isa = PBXGroup;
			children = (
				A7A78A1618BDF34C00917FA7 /* TNBLoggerSample.app */,
				A7A78A3118BDF34C00917FA7 /* TNBLoggerSampleTests.xctest */,
			);
			name = Products;
			sourceTree = "<group>";
		};
		A7A78A1818BDF34C00917FA7 /* Frameworks */ = {
			isa = PBXGroup;
			children = (
				A7A78A1918BDF34C00917FA7 /* Foundation.framework */,
				A7A78A1B18BDF34C00917FA7 /* CoreGraphics.framework */,
				A7A78A1D18BDF34C00917FA7 /* UIKit.framework */,
				A7A78A3218BDF34C00917FA7 /* XCTest.framework */,
			);
			name = Frameworks;
			sourceTree = "<group>";
		};
		A7A78A1F18BDF34C00917FA7 /* TNBLoggerSample */ = {
			isa = PBXGroup;
			children = (
				A7A78A2818BDF34C00917FA7 /* TNBAppDelegate.h */,
				A7A78A2918BDF34C00917FA7 /* TNBAppDelegate.m */,
				A7A78A2B18BDF34C00917FA7 /* Images.xcassets */,
				A7A78A2018BDF34C00917FA7 /* Supporting Files */,
			);
			path = TNBLoggerSample;
			sourceTree = "<group>";
		};
		A7A78A2018BDF34C00917FA7 /* Supporting Files */ = {
			isa = PBXGroup;
			children = (
				A7A78A2118BDF34C00917FA7 /* TNBLoggerSample-Info.plist */,
				A7A78A2218BDF34C00917FA7 /* InfoPlist.strings */,
				A7A78A2518BDF34C00917FA7 /* main.m */,
				A7A78A2718BDF34C00917FA7 /* TNBLoggerSample-Prefix.pch */,
			);
			name = "Supporting Files";
			sourceTree = "<group>";
		};
		A7A78A4818BDF3E700917FA7 /* TNBLogger */ = {
			isa = PBXGroup;
			children = (
				A7A78A4918BDF3E700917FA7 /* TNBLogger.h */,
				A7A78A4A18BDF3E700917FA7 /* TNBLogger.m */,
			);
			path = TNBLogger;
			sourceTree = "<group>";
		};
/* End PBXGroup section */

/* Begin PBXNativeTarget section */
		A7A78A1518BDF34C00917FA7 /* TNBLoggerSample */ = {
			isa = PBXNativeTarget;
			buildConfigurationList = A7A78A4218BDF34C00917FA7 /* Build configuration list for PBXNativeTarget "TNBLoggerSample" */;
			buildPhases = (
				A7A78A1218BDF34C00917FA7 /* Sources */,
				A7A78A1318BDF34C00917FA7 /* Frameworks */,
				A7A78A1418BDF34C00917FA7 /* Resources */,
			);
			buildRules = (
			);
			dependencies = (
			);
			name = TNBLoggerSample;
			productName = TNBLoggerSample;
			productReference = A7A78A1618BDF34C00917FA7 /* TNBLoggerSample.app */;
			productType = "com.apple.product-type.application";
		};
		A7A78A3018BDF34C00917FA7 /* TNBLoggerSampleTests */ = {
			isa = PBXNativeTarget;
			buildConfigurationList = A7A78A4518BDF34C00917FA7 /* Build configuration list for PBXNativeTarget "TNBLoggerSampleTests" */;
			buildPhases = (
				A7A78A2D18BDF34C00917FA7 /* Sources */,
				A7A78A2E18BDF34C00917FA7 /* Frameworks */,
				A7A78A2F18BDF34C00917FA7 /* Resources */,
			);
			buildRules = (
			);
			dependencies = (
				A7A78A3718BDF34C00917FA7 /* PBXTargetDependency */,
			);
			name = TNBLoggerSampleTests;
			productName = TNBLoggerSampleTests;
			productReference = A7A78A3118BDF34C00917FA7 /* TNBLoggerSampleTests.xctest */;
			productType = "com.apple.product-type.bundle.unit-test";
		};
/* End PBXNativeTarget section */

/* Begin PBXProject section */
		A7A78A0E18BDF34C00917FA7 /* Project object */ = {
			isa = PBXProject;
			attributes = {
				CLASSPREFIX = TNB;
				LastUpgradeCheck = 0500;
				ORGANIZATIONNAME = tanb;
				TargetAttributes = {
					A7A78A3018BDF34C00917FA7 = {
						TestTargetID = A7A78A1518BDF34C00917FA7;
					};
				};
			};
			buildConfigurationList = A7A78A1118BDF34C00917FA7 /* Build configuration list for PBXProject "TNBLoggerSample" */;
			compatibilityVersion = "Xcode 3.2";
			developmentRegion = English;
			hasScannedForEncodings = 0;
			knownRegions = (
				en,
			);
			mainGroup = A7A78A0D18BDF34C00917FA7;
			productRefGroup = A7A78A1718BDF34C00917FA7 /* Products */;
			projectDirPath = "";
			projectRoot = "";
			targets = (
				A7A78A1518BDF34C00917FA7 /* TNBLoggerSample */,
				A7A78A3018BDF34C00917FA7 /* TNBLoggerSampleTests */,
			);
		};
/* End PBXProject section */

/* Begin PBXResourcesBuildPhase section */
		A7A78A1418BDF34C00917FA7 /* Resources */ = {
			isa = PBXResourcesBuildPhase;
			buildActionMask = 2147483647;
			files = (
				A7A78A2418BDF34C00917FA7 /* InfoPlist.strings in Resources */,
				A7A78A2C18BDF34C00917FA7 /* Images.xcassets in Resources */,
			);
			runOnlyForDeploymentPostprocessing = 0;
		};
		A7A78A2F18BDF34C00917FA7 /* Resources */ = {
			isa = PBXResourcesBuildPhase;
			buildActionMask = 2147483647;
			files = (
			);
			runOnlyForDeploymentPostprocessing = 0;
		};
/* End PBXResourcesBuildPhase section */

/* Begin PBXSourcesBuildPhase section */
		A7A78A1218BDF34C00917FA7 /* Sources */ = {
			isa = PBXSourcesBuildPhase;
			buildActionMask = 2147483647;
			files = (
				A7A78A2618BDF34C00917FA7 /* main.m in Sources */,
				A7A78A4B18BDF3E700917FA7 /* TNBLogger.m in Sources */,
				A7A78A2A18BDF34C00917FA7 /* TNBAppDelegate.m in Sources */,
			);
			runOnlyForDeploymentPostprocessing = 0;
		};
		A7A78A2D18BDF34C00917FA7 /* Sources */ = {
			isa = PBXSourcesBuildPhase;
			buildActionMask = 2147483647;
			files = (
			);
			runOnlyForDeploymentPostprocessing = 0;
		};
/* End PBXSourcesBuildPhase section */

/* Begin PBXTargetDependency section */
		A7A78A3718BDF34C00917FA7 /* PBXTargetDependency */ = {
			isa = PBXTargetDependency;
			target = A7A78A1518BDF34C00917FA7 /* TNBLoggerSample */;
			targetProxy = A7A78A3618BDF34C00917FA7 /* PBXContainerItemProxy */;
		};
/* End PBXTargetDependency section */

/* Begin PBXVariantGroup section */
		A7A78A2218BDF34C00917FA7 /* InfoPlist.strings */ = {
			isa = PBXVariantGroup;
			children = (
				A7A78A2318BDF34C00917FA7 /* en */,
			);
			name = InfoPlist.strings;
			sourceTree = "<group>";
		};
/* End PBXVariantGroup section */

/* Begin XCBuildConfiguration section */
		A7A78A4018BDF34C00917FA7 /* Debug */ = {
			isa = XCBuildConfiguration;
			buildSettings = {
				ALWAYS_SEARCH_USER_PATHS = NO;
				ARCHS = "$(ARCHS_STANDARD_INCLUDING_64_BIT)";
				CLANG_CXX_LANGUAGE_STANDARD = "gnu++0x";
				CLANG_CXX_LIBRARY = "libc++";
				CLANG_ENABLE_MODULES = YES;
				CLANG_ENABLE_OBJC_ARC = YES;
				CLANG_WARN_BOOL_CONVERSION = YES;
				CLANG_WARN_CONSTANT_CONVERSION = YES;
				CLANG_WARN_DIRECT_OBJC_ISA_USAGE = YES_ERROR;
				CLANG_WARN_EMPTY_BODY = YES;
				CLANG_WARN_ENUM_CONVERSION = YES;
				CLANG_WARN_INT_CONVERSION = YES;
				CLANG_WARN_OBJC_ROOT_CLASS = YES_ERROR;
				CLANG_WARN__DUPLICATE_METHOD_MATCH = YES;
				"CODE_SIGN_IDENTITY[sdk=iphoneos*]" = "iPhone Developer";
				COPY_PHASE_STRIP = NO;
				GCC_C_LANGUAGE_STANDARD = gnu99;
				GCC_DYNAMIC_NO_PIC = NO;
				GCC_OPTIMIZATION_LEVEL = 0;
				GCC_PREPROCESSOR_DEFINITIONS = (
					"DEBUG=1",
					"$(inherited)",
				);
				GCC_SYMBOLS_PRIVATE_EXTERN = NO;
				GCC_WARN_64_TO_32_BIT_CONVERSION = YES;
				GCC_WARN_ABOUT_RETURN_TYPE = YES_ERROR;
				GCC_WARN_UNDECLARED_SELECTOR = YES;
				GCC_WARN_UNINITIALIZED_AUTOS = YES;
				GCC_WARN_UNUSED_FUNCTION = YES;
				GCC_WARN_UNUSED_VARIABLE = YES;
				IPHONEOS_DEPLOYMENT_TARGET = 7.0;
				ONLY_ACTIVE_ARCH = YES;
				SDKROOT = iphoneos;
			};
			name = Debug;
		};
		A7A78A4118BDF34C00917FA7 /* Release */ = {
			isa = XCBuildConfiguration;
			buildSettings = {
				ALWAYS_SEARCH_USER_PATHS = NO;
				ARCHS = "$(ARCHS_STANDARD_INCLUDING_64_BIT)";
				CLANG_CXX_LANGUAGE_STANDARD = "gnu++0x";
				CLANG_CXX_LIBRARY = "libc++";
				CLANG_ENABLE_MODULES = YES;
				CLANG_ENABLE_OBJC_ARC = YES;
				CLANG_WARN_BOOL_CONVERSION = YES;
				CLANG_WARN_CONSTANT_CONVERSION = YES;
				CLANG_WARN_DIRECT_OBJC_ISA_USAGE = YES_ERROR;
				CLANG_WARN_EMPTY_BODY = YES;
				CLANG_WARN_ENUM_CONVERSION = YES;
				CLANG_WARN_INT_CONVERSION = YES;
				CLANG_WARN_OBJC_ROOT_CLASS = YES_ERROR;
				CLANG_WARN__DUPLICATE_METHOD_MATCH = YES;
				"CODE_SIGN_IDENTITY[sdk=iphoneos*]" = "iPhone Developer";
				COPY_PHASE_STRIP = YES;
				ENABLE_NS_ASSERTIONS = NO;
				GCC_C_LANGUAGE_STANDARD = gnu99;
				GCC_WARN_64_TO_32_BIT_CONVERSION = YES;
				GCC_WARN_ABOUT_RETURN_TYPE = YES_ERROR;
				GCC_WARN_UNDECLARED_SELECTOR = YES;
				GCC_WARN_UNINITIALIZED_AUTOS = YES;
				GCC_WARN_UNUSED_FUNCTION = YES;
				GCC_WARN_UNUSED_VARIABLE = YES;
				IPHONEOS_DEPLOYMENT_TARGET = 7.0;
				SDKROOT = iphoneos;
				VALIDATE_PRODUCT = YES;
			};
			name = Release;
		};
		A7A78A4318BDF34C00917FA7 /* Debug */ = {
			isa = XCBuildConfiguration;
			buildSettings = {
				ASSETCATALOG_COMPILER_APPICON_NAME = AppIcon;
				ASSETCATALOG_COMPILER_LAUNCHIMAGE_NAME = LaunchImage;
				GCC_PRECOMPILE_PREFIX_HEADER = YES;
				GCC_PREFIX_HEADER = "TNBLoggerSample/TNBLoggerSample-Prefix.pch";
				INFOPLIST_FILE = "TNBLoggerSample/TNBLoggerSample-Info.plist";
				PRODUCT_NAME = "$(TARGET_NAME)";
				WRAPPER_EXTENSION = app;
			};
			name = Debug;
		};
		A7A78A4418BDF34C00917FA7 /* Release */ = {
			isa = XCBuildConfiguration;
			buildSettings = {
				ASSETCATALOG_COMPILER_APPICON_NAME = AppIcon;
				ASSETCATALOG_COMPILER_LAUNCHIMAGE_NAME = LaunchImage;
				GCC_PRECOMPILE_PREFIX_HEADER = YES;
				GCC_PREFIX_HEADER = "TNBLoggerSample/TNBLoggerSample-Prefix.pch";
				INFOPLIST_FILE = "TNBLoggerSample/TNBLoggerSample-Info.plist";
				PRODUCT_NAME = "$(TARGET_NAME)";
				WRAPPER_EXTENSION = app;
			};
			name = Release;
		};
		A7A78A4618BDF34C00917FA7 /* Debug */ = {
			isa = XCBuildConfiguration;
			buildSettings = {
				ARCHS = "$(ARCHS_STANDARD_INCLUDING_64_BIT)";
				BUNDLE_LOADER = "$(BUILT_PRODUCTS_DIR)/TNBLoggerSample.app/TNBLoggerSample";
				FRAMEWORK_SEARCH_PATHS = (
					"$(SDKROOT)/Developer/Library/Frameworks",
					"$(inherited)",
					"$(DEVELOPER_FRAMEWORKS_DIR)",
				);
				GCC_PRECOMPILE_PREFIX_HEADER = YES;
				GCC_PREFIX_HEADER = "TNBLoggerSample/TNBLoggerSample-Prefix.pch";
				GCC_PREPROCESSOR_DEFINITIONS = (
					"DEBUG=1",
					"$(inherited)",
				);
				INFOPLIST_FILE = "TNBLoggerSampleTests/TNBLoggerSampleTests-Info.plist";
				PRODUCT_NAME = "$(TARGET_NAME)";
				TEST_HOST = "$(BUNDLE_LOADER)";
				WRAPPER_EXTENSION = xctest;
			};
			name = Debug;
		};
		A7A78A4718BDF34C00917FA7 /* Release */ = {
			isa = XCBuildConfiguration;
			buildSettings = {
				ARCHS = "$(ARCHS_STANDARD_INCLUDING_64_BIT)";
				BUNDLE_LOADER = "$(BUILT_PRODUCTS_DIR)/TNBLoggerSample.app/TNBLoggerSample";
				FRAMEWORK_SEARCH_PATHS = (
					"$(SDKROOT)/Developer/Library/Frameworks",
					"$(inherited)",
					"$(DEVELOPER_FRAMEWORKS_DIR)",
				);
				GCC_PRECOMPILE_PREFIX_HEADER = YES;
				GCC_PREFIX_HEADER = "TNBLoggerSample/TNBLoggerSample-Prefix.pch";
				INFOPLIST_FILE = "TNBLoggerSampleTests/TNBLoggerSampleTests-Info.plist";
				PRODUCT_NAME = "$(TARGET_NAME)";
				TEST_HOST = "$(BUNDLE_LOADER)";
				WRAPPER_EXTENSION = xctest;
			};
			name = Release;
		};
/* End XCBuildConfiguration section */

/* Begin XCConfigurationList section */
		A7A78A1118BDF34C00917FA7 /* Build configuration list for PBXProject "TNBLoggerSample" */ = {
			isa = XCConfigurationList;
			buildConfigurations = (
				A7A78A4018BDF34C00917FA7 /* Debug */,
				A7A78A4118BDF34C00917FA7 /* Release */,
			);
			defaultConfigurationIsVisible = 0;
			defaultConfigurationName = Release;
		};
		A7A78A4218BDF34C00917FA7 /* Build configuration list for PBXNativeTarget "TNBLoggerSample" */ = {
			isa = XCConfigurationList;
			buildConfigurations = (
				A7A78A4318BDF34C00917FA7 /* Debug */,
				A7A78A4418BDF34C00917FA7 /* Release */,
			);
			defaultConfigurationIsVisible = 0;
			defaultConfigurationName = Release;
		};
		A7A78A4518BDF34C00917FA7 /* Build configuration list for PBXNativeTarget "TNBLoggerSampleTests" */ = {
			isa = XCConfigurationList;
			buildConfigurations = (
				A7A78A4618BDF34C00917FA7 /* Debug */,
				A7A78A4718BDF34C00917FA7 /* Release */,
			);
			defaultConfigurationIsVisible = 0;
			defaultConfigurationName = Release;
		};
/* End XCConfigurationList section */
	};
	rootObject = A7A78A0E18BDF34C00917FA7 /* Project object */;
}
